{
  "version": 4,
  "terraform_version": "1.3.1",
  "serial": 212,
  "lineage": "8f98f7ea-6c91-5228-aa70-7bf460338c11",
  "outputs": {
    "root_passwords": {
      "value": {
        "svr-workshop-bastion": "R8ne5drdU%BYc",
        "svr-workshop-worker-001": "L3@*GT$yr@8igt",
        "svr-workshop-worker-002": "L2EALUyE5!49h",
        "svr-workshop-worker-003": "B4ddrbH-ufbc"
      },
      "type": [
        "object",
        {
          "svr-workshop-bastion": "string",
          "svr-workshop-worker-001": "string",
          "svr-workshop-worker-002": "string",
          "svr-workshop-worker-003": "string"
        }
      ],
      "sensitive": true
    },
    "servers": {
      "value": {
        "svr-workshop-bastion": {
          "private_ip": "10.10.1.6",
          "public_ip": "175.106.98.9",
          "server_id": "12859875"
        },
        "svr-workshop-worker-001": {
          "private_ip": "10.10.2.7",
          "public_ip": "",
          "server_id": "12859878"
        },
        "svr-workshop-worker-002": {
          "private_ip": "10.10.2.8",
          "public_ip": "",
          "server_id": "12859880"
        },
        "svr-workshop-worker-003": {
          "private_ip": "10.10.2.6",
          "public_ip": "",
          "server_id": "12859872"
        }
      },
      "type": [
        "object",
        {
          "svr-workshop-bastion": [
            "object",
            {
              "private_ip": "string",
              "public_ip": "string",
              "server_id": "string"
            }
          ],
          "svr-workshop-worker-001": [
            "object",
            {
              "private_ip": "string",
              "public_ip": "string",
              "server_id": "string"
            }
          ],
          "svr-workshop-worker-002": [
            "object",
            {
              "private_ip": "string",
              "public_ip": "string",
              "server_id": "string"
            }
          ],
          "svr-workshop-worker-003": [
            "object",
            {
              "private_ip": "string",
              "public_ip": "string",
              "server_id": "string"
            }
          ]
        }
      ]
    }
  },
  "resources": [
    {
      "mode": "data",
      "type": "ncloud_root_password",
      "name": "root_passwords",
      "provider": "provider[\"registry.terraform.io/navercloudplatform/ncloud\"]",
      "instances": [
        {
          "index_key": "svr-workshop-bastion",
          "schema_version": 0,
          "attributes": {
            "id": "12859875",
            "private_key": "-----BEGIN RSA PRIVATE KEY-----\nMIIEpAIBAAKCAQEAlSZOHZdWr65R778UU3pmlrDB51mFMx74vTERCwTbo1SVVAjQ\na6Mog34mcBTLXqva8q7ImgATmyQsvTANY09wRErl/V5TdQC/1ZVGDO/5h+ekdooq\nR2mvfLvl0MUcBVYR4iU4uRX8bsn//22PnJ0TcgEQv7nz8Mtvd1E0dWJaIrWmZpLu\nx/YcMIVIA3OMgg7VkSd21Iqmu6WBrLZmfcvF7mnzHl7FJeIvFx+qjnoVQpqVSy2S\nYlQXPQZszHGmhQRGk7EY8L/LamE7KGOgJCNWXTJrbV0bPXsQNUoe0ZS9BusX3j5V\nEhXUZgUsNQrY98e28oYO+XX66Zgd3OiUN88CqQIDAQABAoIBAGXsDDuafMmHFUUB\nTbGSFmLpnUgsW6LIinA3BI+EHVeq6HTJpSu5Dml1Hm0/OI6UYAWxPTJH1R4ShWQv\nXya7VVvF1w7ik6OEBJO+82TJ5LpjqHa9ChFM/nf9qxmUaQaYf5YLm4yXoq5O6dqy\nEw6SJISmh7yNJU8qphxiaLfCoxfOAFYBjSYtu6R5K4kKTw6AFVjFQElJ7WydKcug\nO3xXz+hTC0jsWAqkyuUHkGF07L7AUaneqIbfFMJ7rtQdWcM/JOQ41taiN2q/CoiD\n2dxDgRAkSZQm0TTDqinplCS0SFIqh6laCG//LMhUq79GJ4IZOR/94EqE6HYmnvrv\nMFtfH5UCgYEA1CYExSfKMz8syIZ1n0fz9C5uuGm6vG4ugZ3PKaJNwF4+3pC4LWCr\nf0IkMI/AZFBLnsIcPkivAYsPPms8v+kCOmjh7nl8ZpBwaUK48dsfvojEaieFHl7G\n10z4YGvu84NJUJTb93h0XJwTrJJpwnlsRMP0v/IZp/vjxuLVkhAIsw8CgYEAs/qo\nhORd0DmH62c2zWOKeojuWCPQ1NuoXOy/srjeF6vaJCFRyCQTLLtgeUZQNAsvWxUR\nJ56Q3mBUeTYuBmHhaEDLl8kVqgAa6wod4giHCntM++z4wECFNPueYWj3Xl3/UcA2\n30zu1/pojh1eOJPtDDt1J6Fk2M6rtSGD2yCvDscCgYEA0dwiD94CmZs+88Z/CGen\nHb/o6yg7/zaHbtTrH2Zcv5T7YDOM3eao/6QwJJGvYgxEIfIm+j3wUPh8xeRTHgyj\nlaA3Dy7CLrtnV9kXFrkKt/KXSeN6PcbHsCeF8+wRXnZaygnXZwCTKyGCHM5hLG3s\n+kFWFaKqWpBEjHPLjUerM2UCgYAN66xPIw6yhVCi/4e4mSNj2OV+gb6sSBUcot8s\n5qme8RbdRop5zXiCNDgBCVQ4wki2Zcm+47/Ww2KlQXCL49Q4aRKWOeJoFLwAQ/cN\nvZUcVW8d6TVQQW1MLM4SQLkpXmHaI+Daoquyntapb1ITVDW4hXzJRO10639ScjYt\no7iGjwKBgQCaZqim2ZLIh53X/SvKtZy1rPukL5lLifDmK88gH8vTnVARjFwK7QPh\nYwnfpUxrR32yW+URrS89NbtZZAJ1smOFalUz32bDMgPHWoMloa1K4f7DJHsd9K05\n6zYouP1oo5tBt4RZyJkNqlaIV4nnPMpAyOXQTugY5KLBZcZvSxd2Ug==\n-----END RSA PRIVATE KEY-----",
            "root_password": "R8ne5drdU%BYc",
            "server_instance_no": "12859875"
          },
          "sensitive_attributes": [
            [
              {
                "type": "get_attr",
                "value": "private_key"
              }
            ]
          ]
        },
        {
          "index_key": "svr-workshop-worker-001",
          "schema_version": 0,
          "attributes": {
            "id": "12859878",
            "private_key": "-----BEGIN RSA PRIVATE KEY-----\nMIIEpAIBAAKCAQEAlSZOHZdWr65R778UU3pmlrDB51mFMx74vTERCwTbo1SVVAjQ\na6Mog34mcBTLXqva8q7ImgATmyQsvTANY09wRErl/V5TdQC/1ZVGDO/5h+ekdooq\nR2mvfLvl0MUcBVYR4iU4uRX8bsn//22PnJ0TcgEQv7nz8Mtvd1E0dWJaIrWmZpLu\nx/YcMIVIA3OMgg7VkSd21Iqmu6WBrLZmfcvF7mnzHl7FJeIvFx+qjnoVQpqVSy2S\nYlQXPQZszHGmhQRGk7EY8L/LamE7KGOgJCNWXTJrbV0bPXsQNUoe0ZS9BusX3j5V\nEhXUZgUsNQrY98e28oYO+XX66Zgd3OiUN88CqQIDAQABAoIBAGXsDDuafMmHFUUB\nTbGSFmLpnUgsW6LIinA3BI+EHVeq6HTJpSu5Dml1Hm0/OI6UYAWxPTJH1R4ShWQv\nXya7VVvF1w7ik6OEBJO+82TJ5LpjqHa9ChFM/nf9qxmUaQaYf5YLm4yXoq5O6dqy\nEw6SJISmh7yNJU8qphxiaLfCoxfOAFYBjSYtu6R5K4kKTw6AFVjFQElJ7WydKcug\nO3xXz+hTC0jsWAqkyuUHkGF07L7AUaneqIbfFMJ7rtQdWcM/JOQ41taiN2q/CoiD\n2dxDgRAkSZQm0TTDqinplCS0SFIqh6laCG//LMhUq79GJ4IZOR/94EqE6HYmnvrv\nMFtfH5UCgYEA1CYExSfKMz8syIZ1n0fz9C5uuGm6vG4ugZ3PKaJNwF4+3pC4LWCr\nf0IkMI/AZFBLnsIcPkivAYsPPms8v+kCOmjh7nl8ZpBwaUK48dsfvojEaieFHl7G\n10z4YGvu84NJUJTb93h0XJwTrJJpwnlsRMP0v/IZp/vjxuLVkhAIsw8CgYEAs/qo\nhORd0DmH62c2zWOKeojuWCPQ1NuoXOy/srjeF6vaJCFRyCQTLLtgeUZQNAsvWxUR\nJ56Q3mBUeTYuBmHhaEDLl8kVqgAa6wod4giHCntM++z4wECFNPueYWj3Xl3/UcA2\n30zu1/pojh1eOJPtDDt1J6Fk2M6rtSGD2yCvDscCgYEA0dwiD94CmZs+88Z/CGen\nHb/o6yg7/zaHbtTrH2Zcv5T7YDOM3eao/6QwJJGvYgxEIfIm+j3wUPh8xeRTHgyj\nlaA3Dy7CLrtnV9kXFrkKt/KXSeN6PcbHsCeF8+wRXnZaygnXZwCTKyGCHM5hLG3s\n+kFWFaKqWpBEjHPLjUerM2UCgYAN66xPIw6yhVCi/4e4mSNj2OV+gb6sSBUcot8s\n5qme8RbdRop5zXiCNDgBCVQ4wki2Zcm+47/Ww2KlQXCL49Q4aRKWOeJoFLwAQ/cN\nvZUcVW8d6TVQQW1MLM4SQLkpXmHaI+Daoquyntapb1ITVDW4hXzJRO10639ScjYt\no7iGjwKBgQCaZqim2ZLIh53X/SvKtZy1rPukL5lLifDmK88gH8vTnVARjFwK7QPh\nYwnfpUxrR32yW+URrS89NbtZZAJ1smOFalUz32bDMgPHWoMloa1K4f7DJHsd9K05\n6zYouP1oo5tBt4RZyJkNqlaIV4nnPMpAyOXQTugY5KLBZcZvSxd2Ug==\n-----END RSA PRIVATE KEY-----",
            "root_password": "L3@*GT$yr@8igt",
            "server_instance_no": "12859878"
          },
          "sensitive_attributes": [
            [
              {
                "type": "get_attr",
                "value": "private_key"
              }
            ]
          ]
        },
        {
          "index_key": "svr-workshop-worker-002",
          "schema_version": 0,
          "attributes": {
            "id": "12859880",
            "private_key": "-----BEGIN RSA PRIVATE KEY-----\nMIIEpAIBAAKCAQEAlSZOHZdWr65R778UU3pmlrDB51mFMx74vTERCwTbo1SVVAjQ\na6Mog34mcBTLXqva8q7ImgATmyQsvTANY09wRErl/V5TdQC/1ZVGDO/5h+ekdooq\nR2mvfLvl0MUcBVYR4iU4uRX8bsn//22PnJ0TcgEQv7nz8Mtvd1E0dWJaIrWmZpLu\nx/YcMIVIA3OMgg7VkSd21Iqmu6WBrLZmfcvF7mnzHl7FJeIvFx+qjnoVQpqVSy2S\nYlQXPQZszHGmhQRGk7EY8L/LamE7KGOgJCNWXTJrbV0bPXsQNUoe0ZS9BusX3j5V\nEhXUZgUsNQrY98e28oYO+XX66Zgd3OiUN88CqQIDAQABAoIBAGXsDDuafMmHFUUB\nTbGSFmLpnUgsW6LIinA3BI+EHVeq6HTJpSu5Dml1Hm0/OI6UYAWxPTJH1R4ShWQv\nXya7VVvF1w7ik6OEBJO+82TJ5LpjqHa9ChFM/nf9qxmUaQaYf5YLm4yXoq5O6dqy\nEw6SJISmh7yNJU8qphxiaLfCoxfOAFYBjSYtu6R5K4kKTw6AFVjFQElJ7WydKcug\nO3xXz+hTC0jsWAqkyuUHkGF07L7AUaneqIbfFMJ7rtQdWcM/JOQ41taiN2q/CoiD\n2dxDgRAkSZQm0TTDqinplCS0SFIqh6laCG//LMhUq79GJ4IZOR/94EqE6HYmnvrv\nMFtfH5UCgYEA1CYExSfKMz8syIZ1n0fz9C5uuGm6vG4ugZ3PKaJNwF4+3pC4LWCr\nf0IkMI/AZFBLnsIcPkivAYsPPms8v+kCOmjh7nl8ZpBwaUK48dsfvojEaieFHl7G\n10z4YGvu84NJUJTb93h0XJwTrJJpwnlsRMP0v/IZp/vjxuLVkhAIsw8CgYEAs/qo\nhORd0DmH62c2zWOKeojuWCPQ1NuoXOy/srjeF6vaJCFRyCQTLLtgeUZQNAsvWxUR\nJ56Q3mBUeTYuBmHhaEDLl8kVqgAa6wod4giHCntM++z4wECFNPueYWj3Xl3/UcA2\n30zu1/pojh1eOJPtDDt1J6Fk2M6rtSGD2yCvDscCgYEA0dwiD94CmZs+88Z/CGen\nHb/o6yg7/zaHbtTrH2Zcv5T7YDOM3eao/6QwJJGvYgxEIfIm+j3wUPh8xeRTHgyj\nlaA3Dy7CLrtnV9kXFrkKt/KXSeN6PcbHsCeF8+wRXnZaygnXZwCTKyGCHM5hLG3s\n+kFWFaKqWpBEjHPLjUerM2UCgYAN66xPIw6yhVCi/4e4mSNj2OV+gb6sSBUcot8s\n5qme8RbdRop5zXiCNDgBCVQ4wki2Zcm+47/Ww2KlQXCL49Q4aRKWOeJoFLwAQ/cN\nvZUcVW8d6TVQQW1MLM4SQLkpXmHaI+Daoquyntapb1ITVDW4hXzJRO10639ScjYt\no7iGjwKBgQCaZqim2ZLIh53X/SvKtZy1rPukL5lLifDmK88gH8vTnVARjFwK7QPh\nYwnfpUxrR32yW+URrS89NbtZZAJ1smOFalUz32bDMgPHWoMloa1K4f7DJHsd9K05\n6zYouP1oo5tBt4RZyJkNqlaIV4nnPMpAyOXQTugY5KLBZcZvSxd2Ug==\n-----END RSA PRIVATE KEY-----",
            "root_password": "L2EALUyE5!49h",
            "server_instance_no": "12859880"
          },
          "sensitive_attributes": [
            [
              {
                "type": "get_attr",
                "value": "private_key"
              }
            ]
          ]
        },
        {
          "index_key": "svr-workshop-worker-003",
          "schema_version": 0,
          "attributes": {
            "id": "12859872",
            "private_key": "-----BEGIN RSA PRIVATE KEY-----\nMIIEpAIBAAKCAQEAlSZOHZdWr65R778UU3pmlrDB51mFMx74vTERCwTbo1SVVAjQ\na6Mog34mcBTLXqva8q7ImgATmyQsvTANY09wRErl/V5TdQC/1ZVGDO/5h+ekdooq\nR2mvfLvl0MUcBVYR4iU4uRX8bsn//22PnJ0TcgEQv7nz8Mtvd1E0dWJaIrWmZpLu\nx/YcMIVIA3OMgg7VkSd21Iqmu6WBrLZmfcvF7mnzHl7FJeIvFx+qjnoVQpqVSy2S\nYlQXPQZszHGmhQRGk7EY8L/LamE7KGOgJCNWXTJrbV0bPXsQNUoe0ZS9BusX3j5V\nEhXUZgUsNQrY98e28oYO+XX66Zgd3OiUN88CqQIDAQABAoIBAGXsDDuafMmHFUUB\nTbGSFmLpnUgsW6LIinA3BI+EHVeq6HTJpSu5Dml1Hm0/OI6UYAWxPTJH1R4ShWQv\nXya7VVvF1w7ik6OEBJO+82TJ5LpjqHa9ChFM/nf9qxmUaQaYf5YLm4yXoq5O6dqy\nEw6SJISmh7yNJU8qphxiaLfCoxfOAFYBjSYtu6R5K4kKTw6AFVjFQElJ7WydKcug\nO3xXz+hTC0jsWAqkyuUHkGF07L7AUaneqIbfFMJ7rtQdWcM/JOQ41taiN2q/CoiD\n2dxDgRAkSZQm0TTDqinplCS0SFIqh6laCG//LMhUq79GJ4IZOR/94EqE6HYmnvrv\nMFtfH5UCgYEA1CYExSfKMz8syIZ1n0fz9C5uuGm6vG4ugZ3PKaJNwF4+3pC4LWCr\nf0IkMI/AZFBLnsIcPkivAYsPPms8v+kCOmjh7nl8ZpBwaUK48dsfvojEaieFHl7G\n10z4YGvu84NJUJTb93h0XJwTrJJpwnlsRMP0v/IZp/vjxuLVkhAIsw8CgYEAs/qo\nhORd0DmH62c2zWOKeojuWCPQ1NuoXOy/srjeF6vaJCFRyCQTLLtgeUZQNAsvWxUR\nJ56Q3mBUeTYuBmHhaEDLl8kVqgAa6wod4giHCntM++z4wECFNPueYWj3Xl3/UcA2\n30zu1/pojh1eOJPtDDt1J6Fk2M6rtSGD2yCvDscCgYEA0dwiD94CmZs+88Z/CGen\nHb/o6yg7/zaHbtTrH2Zcv5T7YDOM3eao/6QwJJGvYgxEIfIm+j3wUPh8xeRTHgyj\nlaA3Dy7CLrtnV9kXFrkKt/KXSeN6PcbHsCeF8+wRXnZaygnXZwCTKyGCHM5hLG3s\n+kFWFaKqWpBEjHPLjUerM2UCgYAN66xPIw6yhVCi/4e4mSNj2OV+gb6sSBUcot8s\n5qme8RbdRop5zXiCNDgBCVQ4wki2Zcm+47/Ww2KlQXCL49Q4aRKWOeJoFLwAQ/cN\nvZUcVW8d6TVQQW1MLM4SQLkpXmHaI+Daoquyntapb1ITVDW4hXzJRO10639ScjYt\no7iGjwKBgQCaZqim2ZLIh53X/SvKtZy1rPukL5lLifDmK88gH8vTnVARjFwK7QPh\nYwnfpUxrR32yW+URrS89NbtZZAJ1smOFalUz32bDMgPHWoMloa1K4f7DJHsd9K05\n6zYouP1oo5tBt4RZyJkNqlaIV4nnPMpAyOXQTugY5KLBZcZvSxd2Ug==\n-----END RSA PRIVATE KEY-----",
            "root_password": "B4ddrbH-ufbc",
            "server_instance_no": "12859872"
          },
          "sensitive_attributes": [
            [
              {
                "type": "get_attr",
                "value": "private_key"
              }
            ]
          ]
        }
      ]
    },
    {
      "mode": "managed",
      "type": "ncloud_login_key",
      "name": "loginkey",
      "provider": "provider[\"registry.terraform.io/navercloudplatform/ncloud\"]",
      "instances": [
        {
          "schema_version": 0,
          "attributes": {
            "fingerprint": "70:7e:b3:32:52:56:40:1a:4f:4c:35:8f:68:75:6f:e8",
            "id": "key-workshop",
            "key_name": "key-workshop",
            "private_key": "-----BEGIN RSA PRIVATE KEY-----\nMIIEpAIBAAKCAQEAlSZOHZdWr65R778UU3pmlrDB51mFMx74vTERCwTbo1SVVAjQ\na6Mog34mcBTLXqva8q7ImgATmyQsvTANY09wRErl/V5TdQC/1ZVGDO/5h+ekdooq\nR2mvfLvl0MUcBVYR4iU4uRX8bsn//22PnJ0TcgEQv7nz8Mtvd1E0dWJaIrWmZpLu\nx/YcMIVIA3OMgg7VkSd21Iqmu6WBrLZmfcvF7mnzHl7FJeIvFx+qjnoVQpqVSy2S\nYlQXPQZszHGmhQRGk7EY8L/LamE7KGOgJCNWXTJrbV0bPXsQNUoe0ZS9BusX3j5V\nEhXUZgUsNQrY98e28oYO+XX66Zgd3OiUN88CqQIDAQABAoIBAGXsDDuafMmHFUUB\nTbGSFmLpnUgsW6LIinA3BI+EHVeq6HTJpSu5Dml1Hm0/OI6UYAWxPTJH1R4ShWQv\nXya7VVvF1w7ik6OEBJO+82TJ5LpjqHa9ChFM/nf9qxmUaQaYf5YLm4yXoq5O6dqy\nEw6SJISmh7yNJU8qphxiaLfCoxfOAFYBjSYtu6R5K4kKTw6AFVjFQElJ7WydKcug\nO3xXz+hTC0jsWAqkyuUHkGF07L7AUaneqIbfFMJ7rtQdWcM/JOQ41taiN2q/CoiD\n2dxDgRAkSZQm0TTDqinplCS0SFIqh6laCG//LMhUq79GJ4IZOR/94EqE6HYmnvrv\nMFtfH5UCgYEA1CYExSfKMz8syIZ1n0fz9C5uuGm6vG4ugZ3PKaJNwF4+3pC4LWCr\nf0IkMI/AZFBLnsIcPkivAYsPPms8v+kCOmjh7nl8ZpBwaUK48dsfvojEaieFHl7G\n10z4YGvu84NJUJTb93h0XJwTrJJpwnlsRMP0v/IZp/vjxuLVkhAIsw8CgYEAs/qo\nhORd0DmH62c2zWOKeojuWCPQ1NuoXOy/srjeF6vaJCFRyCQTLLtgeUZQNAsvWxUR\nJ56Q3mBUeTYuBmHhaEDLl8kVqgAa6wod4giHCntM++z4wECFNPueYWj3Xl3/UcA2\n30zu1/pojh1eOJPtDDt1J6Fk2M6rtSGD2yCvDscCgYEA0dwiD94CmZs+88Z/CGen\nHb/o6yg7/zaHbtTrH2Zcv5T7YDOM3eao/6QwJJGvYgxEIfIm+j3wUPh8xeRTHgyj\nlaA3Dy7CLrtnV9kXFrkKt/KXSeN6PcbHsCeF8+wRXnZaygnXZwCTKyGCHM5hLG3s\n+kFWFaKqWpBEjHPLjUerM2UCgYAN66xPIw6yhVCi/4e4mSNj2OV+gb6sSBUcot8s\n5qme8RbdRop5zXiCNDgBCVQ4wki2Zcm+47/Ww2KlQXCL49Q4aRKWOeJoFLwAQ/cN\nvZUcVW8d6TVQQW1MLM4SQLkpXmHaI+Daoquyntapb1ITVDW4hXzJRO10639ScjYt\no7iGjwKBgQCaZqim2ZLIh53X/SvKtZy1rPukL5lLifDmK88gH8vTnVARjFwK7QPh\nYwnfpUxrR32yW+URrS89NbtZZAJ1smOFalUz32bDMgPHWoMloa1K4f7DJHsd9K05\n6zYouP1oo5tBt4RZyJkNqlaIV4nnPMpAyOXQTugY5KLBZcZvSxd2Ug==\n-----END RSA PRIVATE KEY-----",
            "timeouts": null
          },
          "sensitive_attributes": [],
          "private": "eyJlMmJmYjczMC1lY2FhLTExZTYtOGY4OC0zNDM2M2JjN2M0YzAiOnsiY3JlYXRlIjozMDAwMDAwMDAwMDAsImRlbGV0ZSI6MzAwMDAwMDAwMDAwfX0="
        }
      ]
    },
    {
      "module": "module.servers[\"svr-workshop-bastion\"]",
      "mode": "data",
      "type": "ncloud_server_image",
      "name": "server_image",
      "provider": "provider[\"registry.terraform.io/navercloudplatform/ncloud\"]",
      "instances": [
        {
          "schema_version": 0,
          "attributes": {
            "base_block_storage_size": "50GB",
            "exclusion_product_code": null,
            "filter": [
              {
                "name": "product_name",
                "regex": false,
                "values": [
                  "CentOS 7.8 (64-bit)"
                ]
              }
            ],
            "id": "SW.VSVR.OS.LNX64.CNTOS.0708.B050",
            "infra_resource_detail_type_code": null,
            "infra_resource_type": "SW",
            "os_information": "CentOS 7.8 (64-bit)",
            "platform_type": "LNX64",
            "platform_type_code_list": null,
            "product_code": "SW.VSVR.OS.LNX64.CNTOS.0708.B050",
            "product_description": "CentOS 7.8 (64-bit)",
            "product_name": "CentOS 7.8 (64-bit)",
            "product_name_regex": null,
            "product_type": "LINUX"
          },
          "sensitive_attributes": []
        }
      ]
    },
    {
      "module": "module.servers[\"svr-workshop-bastion\"]",
      "mode": "data",
      "type": "ncloud_server_product",
      "name": "server_product",
      "provider": "provider[\"registry.terraform.io/navercloudplatform/ncloud\"]",
      "instances": [
        {
          "schema_version": 0,
          "attributes": {
            "base_block_storage_size": "50GB",
            "cpu_count": 2,
            "disk_type": "NET",
            "exclusion_product_code": null,
            "filter": [
              {
                "name": "generation_code",
                "regex": false,
                "values": [
                  "G2"
                ]
              },
              {
                "name": "product_name",
                "regex": false,
                "values": [
                  "vCPU 2EA, Memory 4GB, [SSD]Disk 50GB"
                ]
              },
              {
                "name": "product_type",
                "regex": false,
                "values": [
                  "HICPU"
                ]
              }
            ],
            "generation_code": "G2",
            "id": "SVR.VSVR.HICPU.C002.M004.NET.SSD.B050.G002",
            "infra_resource_type": "VSVR",
            "internet_line_type_code": null,
            "memory_size": "4GB",
            "product_code": "SVR.VSVR.HICPU.C002.M004.NET.SSD.B050.G002",
            "product_description": "vCPU 2EA, Memory 4GB, [SSD]Disk 50GB",
            "product_name": "vCPU 2EA, Memory 4GB, [SSD]Disk 50GB",
            "product_name_regex": null,
            "product_type": "HICPU",
            "server_image_product_code": "SW.VSVR.OS.LNX64.CNTOS.0708.B050",
            "zone": null
          },
          "sensitive_attributes": []
        }
      ]
    },
    {
      "module": "module.servers[\"svr-workshop-bastion\"]",
      "mode": "managed",
      "type": "ncloud_network_interface",
      "name": "default_nic",
      "provider": "provider[\"registry.terraform.io/navercloudplatform/ncloud\"]",
      "instances": [
        {
          "schema_version": 0,
          "attributes": {
            "access_control_groups": [
              "70019"
            ],
            "description": "default nic for svr-workshop-bastion",
            "id": "1027090",
            "instance_type": "VSVR",
            "is_default": true,
            "name": "nic-workshop-bastion-def",
            "network_interface_no": "1027090",
            "private_ip": "10.10.1.6",
            "server_instance_no": "12859875",
            "status": "USED",
            "subnet_no": "59272"
          },
          "sensitive_attributes": [],
          "private": "bnVsbA==",
          "dependencies": [
            "module.vpcs.ncloud_access_control_group.acgs",
            "module.vpcs.ncloud_access_control_group_rule.acg_rules",
            "module.vpcs.ncloud_nat_gateway.nat_gateways",
            "module.vpcs.ncloud_network_acl.network_acls",
            "module.vpcs.ncloud_network_acl_deny_allow_group.deny_allow_groups",
            "module.vpcs.ncloud_network_acl_rule.nacl_rules",
            "module.vpcs.ncloud_route.nat_gateway_routes",
            "module.vpcs.ncloud_route_table.private_route_tables",
            "module.vpcs.ncloud_route_table.public_route_tables",
            "module.vpcs.ncloud_route_table_association.route_table_associations",
            "module.vpcs.ncloud_subnet.loadbalancer_subnets",
            "module.vpcs.ncloud_subnet.private_subnets",
            "module.vpcs.ncloud_subnet.public_subnets",
            "module.vpcs.ncloud_vpc.vpc"
          ]
        }
      ]
    },
    {
      "module": "module.servers[\"svr-workshop-bastion\"]",
      "mode": "managed",
      "type": "ncloud_public_ip",
      "name": "public_ip",
      "provider": "provider[\"registry.terraform.io/navercloudplatform/ncloud\"]",
      "instances": [
        {
          "index_key": 0,
          "schema_version": 0,
          "attributes": {
            "description": "",
            "id": "12859921",
            "instance_no": "12859921",
            "internet_line_type": null,
            "kind_type": null,
            "public_ip": "175.106.98.9",
            "public_ip_no": "12859921",
            "server_instance_no": "12859875",
            "zone": null
          },
          "sensitive_attributes": [],
          "private": "bnVsbA==",
          "dependencies": [
            "module.servers.data.ncloud_server_image.server_image",
            "module.servers.data.ncloud_server_product.server_product",
            "module.servers.ncloud_network_interface.default_nic",
            "module.servers.ncloud_server.server",
            "module.vpcs.ncloud_access_control_group.acgs",
            "module.vpcs.ncloud_access_control_group_rule.acg_rules",
            "module.vpcs.ncloud_nat_gateway.nat_gateways",
            "module.vpcs.ncloud_network_acl.network_acls",
            "module.vpcs.ncloud_network_acl_deny_allow_group.deny_allow_groups",
            "module.vpcs.ncloud_network_acl_rule.nacl_rules",
            "module.vpcs.ncloud_route.nat_gateway_routes",
            "module.vpcs.ncloud_route_table.private_route_tables",
            "module.vpcs.ncloud_route_table.public_route_tables",
            "module.vpcs.ncloud_route_table_association.route_table_associations",
            "module.vpcs.ncloud_subnet.loadbalancer_subnets",
            "module.vpcs.ncloud_subnet.private_subnets",
            "module.vpcs.ncloud_subnet.public_subnets",
            "module.vpcs.ncloud_vpc.vpc"
          ]
        }
      ]
    },
    {
      "module": "module.servers[\"svr-workshop-bastion\"]",
      "mode": "managed",
      "type": "ncloud_server",
      "name": "server",
      "provider": "provider[\"registry.terraform.io/navercloudplatform/ncloud\"]",
      "instances": [
        {
          "schema_version": 0,
          "attributes": {
            "access_control_group_configuration_no_list": null,
            "base_block_storage_disk_detail_type": "SSD",
            "base_block_storage_disk_type": "NET",
            "base_block_storage_size": null,
            "cpu_count": 2,
            "description": "workshop bastion server",
            "fee_system_type_code": "MTRAT",
            "id": "12859875",
            "init_script_no": "",
            "instance_no": "12859875",
            "internet_line_type": null,
            "is_encrypted_base_block_storage_volume": false,
            "is_fee_charging_monitoring": null,
            "is_protect_server_termination": false,
            "login_key_name": "key-workshop",
            "member_server_image_no": null,
            "memory_size": 4294967296,
            "name": "svr-workshop-bastion",
            "network_interface": [
              {
                "network_interface_no": "1027090",
                "order": 0,
                "private_ip": "10.10.1.6",
                "subnet_no": "59272"
              }
            ],
            "placement_group_no": "",
            "platform_type": "LNX64",
            "port_forwarding_external_port": null,
            "port_forwarding_internal_port": null,
            "port_forwarding_public_ip": null,
            "private_ip": null,
            "public_ip": "175.106.98.9",
            "raid_type_name": null,
            "region": null,
            "server_image_name": null,
            "server_image_product_code": "SW.VSVR.OS.LNX64.CNTOS.0708.B050",
            "server_product_code": "SVR.VSVR.HICPU.C002.M004.NET.SSD.B050.G002",
            "subnet_no": "59272",
            "tag_list": [],
            "timeouts": null,
            "user_data": null,
            "vpc_no": "27632",
            "zone": "KR-1"
          },
          "sensitive_attributes": [],
          "private": "eyJlMmJmYjczMC1lY2FhLTExZTYtOGY4OC0zNDM2M2JjN2M0YzAiOnsiY3JlYXRlIjozNjAwMDAwMDAwMDAwLCJkZWxldGUiOjMwMDAwMDAwMDAwMH19",
          "dependencies": [
            "module.servers.data.ncloud_server_image.server_image",
            "module.servers.data.ncloud_server_product.server_product",
            "module.servers.ncloud_network_interface.default_nic",
            "module.vpcs.ncloud_access_control_group.acgs",
            "module.vpcs.ncloud_access_control_group_rule.acg_rules",
            "module.vpcs.ncloud_nat_gateway.nat_gateways",
            "module.vpcs.ncloud_network_acl.network_acls",
            "module.vpcs.ncloud_network_acl_deny_allow_group.deny_allow_groups",
            "module.vpcs.ncloud_network_acl_rule.nacl_rules",
            "module.vpcs.ncloud_route.nat_gateway_routes",
            "module.vpcs.ncloud_route_table.private_route_tables",
            "module.vpcs.ncloud_route_table.public_route_tables",
            "module.vpcs.ncloud_route_table_association.route_table_associations",
            "module.vpcs.ncloud_subnet.loadbalancer_subnets",
            "module.vpcs.ncloud_subnet.private_subnets",
            "module.vpcs.ncloud_subnet.public_subnets",
            "module.vpcs.ncloud_vpc.vpc"
          ]
        }
      ]
    },
    {
      "module": "module.servers[\"svr-workshop-worker-001\"]",
      "mode": "data",
      "type": "ncloud_server_image",
      "name": "server_image",
      "provider": "provider[\"registry.terraform.io/navercloudplatform/ncloud\"]",
      "instances": [
        {
          "schema_version": 0,
          "attributes": {
            "base_block_storage_size": "50GB",
            "exclusion_product_code": null,
            "filter": [
              {
                "name": "product_name",
                "regex": false,
                "values": [
                  "CentOS 7.8 (64-bit)"
                ]
              }
            ],
            "id": "SW.VSVR.OS.LNX64.CNTOS.0708.B050",
            "infra_resource_detail_type_code": null,
            "infra_resource_type": "SW",
            "os_information": "CentOS 7.8 (64-bit)",
            "platform_type": "LNX64",
            "platform_type_code_list": null,
            "product_code": "SW.VSVR.OS.LNX64.CNTOS.0708.B050",
            "product_description": "CentOS 7.8 (64-bit)",
            "product_name": "CentOS 7.8 (64-bit)",
            "product_name_regex": null,
            "product_type": "LINUX"
          },
          "sensitive_attributes": []
        }
      ]
    },
    {
      "module": "module.servers[\"svr-workshop-worker-001\"]",
      "mode": "data",
      "type": "ncloud_server_product",
      "name": "server_product",
      "provider": "provider[\"registry.terraform.io/navercloudplatform/ncloud\"]",
      "instances": [
        {
          "schema_version": 0,
          "attributes": {
            "base_block_storage_size": "50GB",
            "cpu_count": 2,
            "disk_type": "NET",
            "exclusion_product_code": null,
            "filter": [
              {
                "name": "generation_code",
                "regex": false,
                "values": [
                  "G2"
                ]
              },
              {
                "name": "product_name",
                "regex": false,
                "values": [
                  "vCPU 2EA, Memory 4GB, [SSD]Disk 50GB"
                ]
              },
              {
                "name": "product_type",
                "regex": false,
                "values": [
                  "HICPU"
                ]
              }
            ],
            "generation_code": "G2",
            "id": "SVR.VSVR.HICPU.C002.M004.NET.SSD.B050.G002",
            "infra_resource_type": "VSVR",
            "internet_line_type_code": null,
            "memory_size": "4GB",
            "product_code": "SVR.VSVR.HICPU.C002.M004.NET.SSD.B050.G002",
            "product_description": "vCPU 2EA, Memory 4GB, [SSD]Disk 50GB",
            "product_name": "vCPU 2EA, Memory 4GB, [SSD]Disk 50GB",
            "product_name_regex": null,
            "product_type": "HICPU",
            "server_image_product_code": "SW.VSVR.OS.LNX64.CNTOS.0708.B050",
            "zone": null
          },
          "sensitive_attributes": []
        }
      ]
    },
    {
      "module": "module.servers[\"svr-workshop-worker-001\"]",
      "mode": "managed",
      "type": "ncloud_network_interface",
      "name": "default_nic",
      "provider": "provider[\"registry.terraform.io/navercloudplatform/ncloud\"]",
      "instances": [
        {
          "schema_version": 0,
          "attributes": {
            "access_control_groups": [
              "70018"
            ],
            "description": "default nic for svr-workshop-worker",
            "id": "1027089",
            "instance_type": "VSVR",
            "is_default": true,
            "name": "nic-workshop-worker-001-def",
            "network_interface_no": "1027089",
            "private_ip": "10.10.2.7",
            "server_instance_no": "12859878",
            "status": "USED",
            "subnet_no": "59271"
          },
          "sensitive_attributes": [],
          "private": "bnVsbA==",
          "dependencies": [
            "module.vpcs.ncloud_access_control_group.acgs",
            "module.vpcs.ncloud_access_control_group_rule.acg_rules",
            "module.vpcs.ncloud_nat_gateway.nat_gateways",
            "module.vpcs.ncloud_network_acl.network_acls",
            "module.vpcs.ncloud_network_acl_deny_allow_group.deny_allow_groups",
            "module.vpcs.ncloud_network_acl_rule.nacl_rules",
            "module.vpcs.ncloud_route.nat_gateway_routes",
            "module.vpcs.ncloud_route_table.private_route_tables",
            "module.vpcs.ncloud_route_table.public_route_tables",
            "module.vpcs.ncloud_route_table_association.route_table_associations",
            "module.vpcs.ncloud_subnet.loadbalancer_subnets",
            "module.vpcs.ncloud_subnet.private_subnets",
            "module.vpcs.ncloud_subnet.public_subnets",
            "module.vpcs.ncloud_vpc.vpc"
          ]
        }
      ]
    },
    {
      "module": "module.servers[\"svr-workshop-worker-001\"]",
      "mode": "managed",
      "type": "ncloud_server",
      "name": "server",
      "provider": "provider[\"registry.terraform.io/navercloudplatform/ncloud\"]",
      "instances": [
        {
          "schema_version": 0,
          "attributes": {
            "access_control_group_configuration_no_list": null,
            "base_block_storage_disk_detail_type": "SSD",
            "base_block_storage_disk_type": "NET",
            "base_block_storage_size": null,
            "cpu_count": 2,
            "description": "workshop worker server",
            "fee_system_type_code": "MTRAT",
            "id": "12859878",
            "init_script_no": "",
            "instance_no": "12859878",
            "internet_line_type": null,
            "is_encrypted_base_block_storage_volume": false,
            "is_fee_charging_monitoring": null,
            "is_protect_server_termination": false,
            "login_key_name": "key-workshop",
            "member_server_image_no": null,
            "memory_size": 4294967296,
            "name": "svr-workshop-worker-001",
            "network_interface": [
              {
                "network_interface_no": "1027089",
                "order": 0,
                "private_ip": "10.10.2.7",
                "subnet_no": "59271"
              }
            ],
            "placement_group_no": "",
            "platform_type": "LNX64",
            "port_forwarding_external_port": null,
            "port_forwarding_internal_port": null,
            "port_forwarding_public_ip": null,
            "private_ip": null,
            "public_ip": "",
            "raid_type_name": null,
            "region": null,
            "server_image_name": null,
            "server_image_product_code": "SW.VSVR.OS.LNX64.CNTOS.0708.B050",
            "server_product_code": "SVR.VSVR.HICPU.C002.M004.NET.SSD.B050.G002",
            "subnet_no": "59271",
            "tag_list": [],
            "timeouts": null,
            "user_data": null,
            "vpc_no": "27632",
            "zone": "KR-1"
          },
          "sensitive_attributes": [],
          "private": "eyJlMmJmYjczMC1lY2FhLTExZTYtOGY4OC0zNDM2M2JjN2M0YzAiOnsiY3JlYXRlIjozNjAwMDAwMDAwMDAwLCJkZWxldGUiOjMwMDAwMDAwMDAwMH19",
          "dependencies": [
            "module.servers.data.ncloud_server_image.server_image",
            "module.servers.data.ncloud_server_product.server_product",
            "module.servers.ncloud_network_interface.default_nic",
            "module.vpcs.ncloud_access_control_group.acgs",
            "module.vpcs.ncloud_access_control_group_rule.acg_rules",
            "module.vpcs.ncloud_nat_gateway.nat_gateways",
            "module.vpcs.ncloud_network_acl.network_acls",
            "module.vpcs.ncloud_network_acl_deny_allow_group.deny_allow_groups",
            "module.vpcs.ncloud_network_acl_rule.nacl_rules",
            "module.vpcs.ncloud_route.nat_gateway_routes",
            "module.vpcs.ncloud_route_table.private_route_tables",
            "module.vpcs.ncloud_route_table.public_route_tables",
            "module.vpcs.ncloud_route_table_association.route_table_associations",
            "module.vpcs.ncloud_subnet.loadbalancer_subnets",
            "module.vpcs.ncloud_subnet.private_subnets",
            "module.vpcs.ncloud_subnet.public_subnets",
            "module.vpcs.ncloud_vpc.vpc"
          ]
        }
      ]
    },
    {
      "module": "module.servers[\"svr-workshop-worker-002\"]",
      "mode": "data",
      "type": "ncloud_server_image",
      "name": "server_image",
      "provider": "provider[\"registry.terraform.io/navercloudplatform/ncloud\"]",
      "instances": [
        {
          "schema_version": 0,
          "attributes": {
            "base_block_storage_size": "50GB",
            "exclusion_product_code": null,
            "filter": [
              {
                "name": "product_name",
                "regex": false,
                "values": [
                  "CentOS 7.8 (64-bit)"
                ]
              }
            ],
            "id": "SW.VSVR.OS.LNX64.CNTOS.0708.B050",
            "infra_resource_detail_type_code": null,
            "infra_resource_type": "SW",
            "os_information": "CentOS 7.8 (64-bit)",
            "platform_type": "LNX64",
            "platform_type_code_list": null,
            "product_code": "SW.VSVR.OS.LNX64.CNTOS.0708.B050",
            "product_description": "CentOS 7.8 (64-bit)",
            "product_name": "CentOS 7.8 (64-bit)",
            "product_name_regex": null,
            "product_type": "LINUX"
          },
          "sensitive_attributes": []
        }
      ]
    },
    {
      "module": "module.servers[\"svr-workshop-worker-002\"]",
      "mode": "data",
      "type": "ncloud_server_product",
      "name": "server_product",
      "provider": "provider[\"registry.terraform.io/navercloudplatform/ncloud\"]",
      "instances": [
        {
          "schema_version": 0,
          "attributes": {
            "base_block_storage_size": "50GB",
            "cpu_count": 2,
            "disk_type": "NET",
            "exclusion_product_code": null,
            "filter": [
              {
                "name": "generation_code",
                "regex": false,
                "values": [
                  "G2"
                ]
              },
              {
                "name": "product_name",
                "regex": false,
                "values": [
                  "vCPU 2EA, Memory 4GB, [SSD]Disk 50GB"
                ]
              },
              {
                "name": "product_type",
                "regex": false,
                "values": [
                  "HICPU"
                ]
              }
            ],
            "generation_code": "G2",
            "id": "SVR.VSVR.HICPU.C002.M004.NET.SSD.B050.G002",
            "infra_resource_type": "VSVR",
            "internet_line_type_code": null,
            "memory_size": "4GB",
            "product_code": "SVR.VSVR.HICPU.C002.M004.NET.SSD.B050.G002",
            "product_description": "vCPU 2EA, Memory 4GB, [SSD]Disk 50GB",
            "product_name": "vCPU 2EA, Memory 4GB, [SSD]Disk 50GB",
            "product_name_regex": null,
            "product_type": "HICPU",
            "server_image_product_code": "SW.VSVR.OS.LNX64.CNTOS.0708.B050",
            "zone": null
          },
          "sensitive_attributes": []
        }
      ]
    },
    {
      "module": "module.servers[\"svr-workshop-worker-002\"]",
      "mode": "managed",
      "type": "ncloud_network_interface",
      "name": "default_nic",
      "provider": "provider[\"registry.terraform.io/navercloudplatform/ncloud\"]",
      "instances": [
        {
          "schema_version": 0,
          "attributes": {
            "access_control_groups": [
              "70018"
            ],
            "description": "default nic for svr-workshop-worker",
            "id": "1027091",
            "instance_type": "VSVR",
            "is_default": true,
            "name": "nic-workshop-worker-002-def",
            "network_interface_no": "1027091",
            "private_ip": "10.10.2.8",
            "server_instance_no": "12859880",
            "status": "USED",
            "subnet_no": "59271"
          },
          "sensitive_attributes": [],
          "private": "bnVsbA==",
          "dependencies": [
            "module.vpcs.ncloud_access_control_group.acgs",
            "module.vpcs.ncloud_access_control_group_rule.acg_rules",
            "module.vpcs.ncloud_nat_gateway.nat_gateways",
            "module.vpcs.ncloud_network_acl.network_acls",
            "module.vpcs.ncloud_network_acl_deny_allow_group.deny_allow_groups",
            "module.vpcs.ncloud_network_acl_rule.nacl_rules",
            "module.vpcs.ncloud_route.nat_gateway_routes",
            "module.vpcs.ncloud_route_table.private_route_tables",
            "module.vpcs.ncloud_route_table.public_route_tables",
            "module.vpcs.ncloud_route_table_association.route_table_associations",
            "module.vpcs.ncloud_subnet.loadbalancer_subnets",
            "module.vpcs.ncloud_subnet.private_subnets",
            "module.vpcs.ncloud_subnet.public_subnets",
            "module.vpcs.ncloud_vpc.vpc"
          ]
        }
      ]
    },
    {
      "module": "module.servers[\"svr-workshop-worker-002\"]",
      "mode": "managed",
      "type": "ncloud_server",
      "name": "server",
      "provider": "provider[\"registry.terraform.io/navercloudplatform/ncloud\"]",
      "instances": [
        {
          "schema_version": 0,
          "attributes": {
            "access_control_group_configuration_no_list": null,
            "base_block_storage_disk_detail_type": "SSD",
            "base_block_storage_disk_type": "NET",
            "base_block_storage_size": null,
            "cpu_count": 2,
            "description": "workshop worker server",
            "fee_system_type_code": "MTRAT",
            "id": "12859880",
            "init_script_no": "",
            "instance_no": "12859880",
            "internet_line_type": null,
            "is_encrypted_base_block_storage_volume": false,
            "is_fee_charging_monitoring": null,
            "is_protect_server_termination": false,
            "login_key_name": "key-workshop",
            "member_server_image_no": null,
            "memory_size": 4294967296,
            "name": "svr-workshop-worker-002",
            "network_interface": [
              {
                "network_interface_no": "1027091",
                "order": 0,
                "private_ip": "10.10.2.8",
                "subnet_no": "59271"
              }
            ],
            "placement_group_no": "",
            "platform_type": "LNX64",
            "port_forwarding_external_port": null,
            "port_forwarding_internal_port": null,
            "port_forwarding_public_ip": null,
            "private_ip": null,
            "public_ip": "",
            "raid_type_name": null,
            "region": null,
            "server_image_name": null,
            "server_image_product_code": "SW.VSVR.OS.LNX64.CNTOS.0708.B050",
            "server_product_code": "SVR.VSVR.HICPU.C002.M004.NET.SSD.B050.G002",
            "subnet_no": "59271",
            "tag_list": [],
            "timeouts": null,
            "user_data": null,
            "vpc_no": "27632",
            "zone": "KR-1"
          },
          "sensitive_attributes": [],
          "private": "eyJlMmJmYjczMC1lY2FhLTExZTYtOGY4OC0zNDM2M2JjN2M0YzAiOnsiY3JlYXRlIjozNjAwMDAwMDAwMDAwLCJkZWxldGUiOjMwMDAwMDAwMDAwMH19",
          "dependencies": [
            "module.servers.data.ncloud_server_image.server_image",
            "module.servers.data.ncloud_server_product.server_product",
            "module.servers.ncloud_network_interface.default_nic",
            "module.vpcs.ncloud_access_control_group.acgs",
            "module.vpcs.ncloud_access_control_group_rule.acg_rules",
            "module.vpcs.ncloud_nat_gateway.nat_gateways",
            "module.vpcs.ncloud_network_acl.network_acls",
            "module.vpcs.ncloud_network_acl_deny_allow_group.deny_allow_groups",
            "module.vpcs.ncloud_network_acl_rule.nacl_rules",
            "module.vpcs.ncloud_route.nat_gateway_routes",
            "module.vpcs.ncloud_route_table.private_route_tables",
            "module.vpcs.ncloud_route_table.public_route_tables",
            "module.vpcs.ncloud_route_table_association.route_table_associations",
            "module.vpcs.ncloud_subnet.loadbalancer_subnets",
            "module.vpcs.ncloud_subnet.private_subnets",
            "module.vpcs.ncloud_subnet.public_subnets",
            "module.vpcs.ncloud_vpc.vpc"
          ]
        }
      ]
    },
    {
      "module": "module.servers[\"svr-workshop-worker-003\"]",
      "mode": "data",
      "type": "ncloud_server_image",
      "name": "server_image",
      "provider": "provider[\"registry.terraform.io/navercloudplatform/ncloud\"]",
      "instances": [
        {
          "schema_version": 0,
          "attributes": {
            "base_block_storage_size": "50GB",
            "exclusion_product_code": null,
            "filter": [
              {
                "name": "product_name",
                "regex": false,
                "values": [
                  "CentOS 7.8 (64-bit)"
                ]
              }
            ],
            "id": "SW.VSVR.OS.LNX64.CNTOS.0708.B050",
            "infra_resource_detail_type_code": null,
            "infra_resource_type": "SW",
            "os_information": "CentOS 7.8 (64-bit)",
            "platform_type": "LNX64",
            "platform_type_code_list": null,
            "product_code": "SW.VSVR.OS.LNX64.CNTOS.0708.B050",
            "product_description": "CentOS 7.8 (64-bit)",
            "product_name": "CentOS 7.8 (64-bit)",
            "product_name_regex": null,
            "product_type": "LINUX"
          },
          "sensitive_attributes": []
        }
      ]
    },
    {
      "module": "module.servers[\"svr-workshop-worker-003\"]",
      "mode": "data",
      "type": "ncloud_server_product",
      "name": "server_product",
      "provider": "provider[\"registry.terraform.io/navercloudplatform/ncloud\"]",
      "instances": [
        {
          "schema_version": 0,
          "attributes": {
            "base_block_storage_size": "50GB",
            "cpu_count": 2,
            "disk_type": "NET",
            "exclusion_product_code": null,
            "filter": [
              {
                "name": "generation_code",
                "regex": false,
                "values": [
                  "G2"
                ]
              },
              {
                "name": "product_name",
                "regex": false,
                "values": [
                  "vCPU 2EA, Memory 4GB, [SSD]Disk 50GB"
                ]
              },
              {
                "name": "product_type",
                "regex": false,
                "values": [
                  "HICPU"
                ]
              }
            ],
            "generation_code": "G2",
            "id": "SVR.VSVR.HICPU.C002.M004.NET.SSD.B050.G002",
            "infra_resource_type": "VSVR",
            "internet_line_type_code": null,
            "memory_size": "4GB",
            "product_code": "SVR.VSVR.HICPU.C002.M004.NET.SSD.B050.G002",
            "product_description": "vCPU 2EA, Memory 4GB, [SSD]Disk 50GB",
            "product_name": "vCPU 2EA, Memory 4GB, [SSD]Disk 50GB",
            "product_name_regex": null,
            "product_type": "HICPU",
            "server_image_product_code": "SW.VSVR.OS.LNX64.CNTOS.0708.B050",
            "zone": null
          },
          "sensitive_attributes": []
        }
      ]
    },
    {
      "module": "module.servers[\"svr-workshop-worker-003\"]",
      "mode": "managed",
      "type": "ncloud_network_interface",
      "name": "default_nic",
      "provider": "provider[\"registry.terraform.io/navercloudplatform/ncloud\"]",
      "instances": [
        {
          "schema_version": 0,
          "attributes": {
            "access_control_groups": [
              "70018"
            ],
            "description": "default nic for svr-workshop-worker",
            "id": "1027088",
            "instance_type": "VSVR",
            "is_default": true,
            "name": "nic-workshop-worker-003-def",
            "network_interface_no": "1027088",
            "private_ip": "10.10.2.6",
            "server_instance_no": "12859872",
            "status": "USED",
            "subnet_no": "59271"
          },
          "sensitive_attributes": [],
          "private": "bnVsbA==",
          "dependencies": [
            "module.vpcs.ncloud_access_control_group.acgs",
            "module.vpcs.ncloud_access_control_group_rule.acg_rules",
            "module.vpcs.ncloud_nat_gateway.nat_gateways",
            "module.vpcs.ncloud_network_acl.network_acls",
            "module.vpcs.ncloud_network_acl_deny_allow_group.deny_allow_groups",
            "module.vpcs.ncloud_network_acl_rule.nacl_rules",
            "module.vpcs.ncloud_route.nat_gateway_routes",
            "module.vpcs.ncloud_route_table.private_route_tables",
            "module.vpcs.ncloud_route_table.public_route_tables",
            "module.vpcs.ncloud_route_table_association.route_table_associations",
            "module.vpcs.ncloud_subnet.loadbalancer_subnets",
            "module.vpcs.ncloud_subnet.private_subnets",
            "module.vpcs.ncloud_subnet.public_subnets",
            "module.vpcs.ncloud_vpc.vpc"
          ]
        }
      ]
    },
    {
      "module": "module.servers[\"svr-workshop-worker-003\"]",
      "mode": "managed",
      "type": "ncloud_server",
      "name": "server",
      "provider": "provider[\"registry.terraform.io/navercloudplatform/ncloud\"]",
      "instances": [
        {
          "schema_version": 0,
          "attributes": {
            "access_control_group_configuration_no_list": null,
            "base_block_storage_disk_detail_type": "SSD",
            "base_block_storage_disk_type": "NET",
            "base_block_storage_size": null,
            "cpu_count": 2,
            "description": "workshop worker server",
            "fee_system_type_code": "MTRAT",
            "id": "12859872",
            "init_script_no": "",
            "instance_no": "12859872",
            "internet_line_type": null,
            "is_encrypted_base_block_storage_volume": false,
            "is_fee_charging_monitoring": null,
            "is_protect_server_termination": false,
            "login_key_name": "key-workshop",
            "member_server_image_no": null,
            "memory_size": 4294967296,
            "name": "svr-workshop-worker-003",
            "network_interface": [
              {
                "network_interface_no": "1027088",
                "order": 0,
                "private_ip": "10.10.2.6",
                "subnet_no": "59271"
              }
            ],
            "placement_group_no": "",
            "platform_type": "LNX64",
            "port_forwarding_external_port": null,
            "port_forwarding_internal_port": null,
            "port_forwarding_public_ip": null,
            "private_ip": null,
            "public_ip": "",
            "raid_type_name": null,
            "region": null,
            "server_image_name": null,
            "server_image_product_code": "SW.VSVR.OS.LNX64.CNTOS.0708.B050",
            "server_product_code": "SVR.VSVR.HICPU.C002.M004.NET.SSD.B050.G002",
            "subnet_no": "59271",
            "tag_list": [],
            "timeouts": null,
            "user_data": null,
            "vpc_no": "27632",
            "zone": "KR-1"
          },
          "sensitive_attributes": [],
          "private": "eyJlMmJmYjczMC1lY2FhLTExZTYtOGY4OC0zNDM2M2JjN2M0YzAiOnsiY3JlYXRlIjozNjAwMDAwMDAwMDAwLCJkZWxldGUiOjMwMDAwMDAwMDAwMH19",
          "dependencies": [
            "module.servers.data.ncloud_server_image.server_image",
            "module.servers.data.ncloud_server_product.server_product",
            "module.servers.ncloud_network_interface.default_nic",
            "module.vpcs.ncloud_access_control_group.acgs",
            "module.vpcs.ncloud_access_control_group_rule.acg_rules",
            "module.vpcs.ncloud_nat_gateway.nat_gateways",
            "module.vpcs.ncloud_network_acl.network_acls",
            "module.vpcs.ncloud_network_acl_deny_allow_group.deny_allow_groups",
            "module.vpcs.ncloud_network_acl_rule.nacl_rules",
            "module.vpcs.ncloud_route.nat_gateway_routes",
            "module.vpcs.ncloud_route_table.private_route_tables",
            "module.vpcs.ncloud_route_table.public_route_tables",
            "module.vpcs.ncloud_route_table_association.route_table_associations",
            "module.vpcs.ncloud_subnet.loadbalancer_subnets",
            "module.vpcs.ncloud_subnet.private_subnets",
            "module.vpcs.ncloud_subnet.public_subnets",
            "module.vpcs.ncloud_vpc.vpc"
          ]
        }
      ]
    },
    {
      "module": "module.vpcs[\"vpc-workshop\"]",
      "mode": "managed",
      "type": "ncloud_access_control_group",
      "name": "acgs",
      "provider": "provider[\"registry.terraform.io/navercloudplatform/ncloud\"]",
      "instances": [
        {
          "index_key": "acg-workshop-private",
          "schema_version": 0,
          "attributes": {
            "access_control_group_no": "70018",
            "description": "ACG for private servers",
            "id": "70018",
            "is_default": false,
            "name": "acg-workshop-private",
            "vpc_no": "27632"
          },
          "sensitive_attributes": [],
          "private": "bnVsbA==",
          "dependencies": [
            "module.vpcs.ncloud_vpc.vpc"
          ]
        },
        {
          "index_key": "acg-workshop-public",
          "schema_version": 0,
          "attributes": {
            "access_control_group_no": "70019",
            "description": "ACG for public servers",
            "id": "70019",
            "is_default": false,
            "name": "acg-workshop-public",
            "vpc_no": "27632"
          },
          "sensitive_attributes": [],
          "private": "bnVsbA==",
          "dependencies": [
            "module.vpcs.ncloud_vpc.vpc"
          ]
        }
      ]
    },
    {
      "module": "module.vpcs[\"vpc-workshop\"]",
      "mode": "managed",
      "type": "ncloud_access_control_group_rule",
      "name": "acg_rules",
      "provider": "provider[\"registry.terraform.io/navercloudplatform/ncloud\"]",
      "instances": [
        {
          "index_key": "acg-workshop-private",
          "schema_version": 0,
          "attributes": {
            "access_control_group_no": "70018",
            "id": "70018",
            "inbound": [
              {
                "description": "SSH allow form acg-workshop-public",
                "ip_block": "",
                "port_range": "22",
                "protocol": "TCP",
                "source_access_control_group_no": "70019"
              }
            ],
            "outbound": [
              {
                "description": "All allow to any",
                "ip_block": "0.0.0.0/0",
                "port_range": "1-65535",
                "protocol": "TCP",
                "source_access_control_group_no": ""
              },
              {
                "description": "All allow to any",
                "ip_block": "0.0.0.0/0",
                "port_range": "1-65535",
                "protocol": "UDP",
                "source_access_control_group_no": ""
              }
            ],
            "timeouts": null
          },
          "sensitive_attributes": [],
          "private": "eyJlMmJmYjczMC1lY2FhLTExZTYtOGY4OC0zNDM2M2JjN2M0YzAiOnsiY3JlYXRlIjozNjAwMDAwMDAwMDAwLCJkZWxldGUiOjMwMDAwMDAwMDAwMCwidXBkYXRlIjo2MDAwMDAwMDAwMDB9fQ==",
          "dependencies": [
            "module.vpcs.ncloud_access_control_group.acgs",
            "module.vpcs.ncloud_vpc.vpc"
          ]
        },
        {
          "index_key": "acg-workshop-public",
          "schema_version": 0,
          "attributes": {
            "access_control_group_no": "70019",
            "id": "70019",
            "inbound": [
              {
                "description": "SSH allow form any",
                "ip_block": "0.0.0.0/0",
                "port_range": "22",
                "protocol": "TCP",
                "source_access_control_group_no": ""
              }
            ],
            "outbound": [
              {
                "description": "All allow to any",
                "ip_block": "0.0.0.0/0",
                "port_range": "1-65535",
                "protocol": "TCP",
                "source_access_control_group_no": ""
              },
              {
                "description": "All allow to any",
                "ip_block": "0.0.0.0/0",
                "port_range": "1-65535",
                "protocol": "UDP",
                "source_access_control_group_no": ""
              }
            ],
            "timeouts": null
          },
          "sensitive_attributes": [],
          "private": "eyJlMmJmYjczMC1lY2FhLTExZTYtOGY4OC0zNDM2M2JjN2M0YzAiOnsiY3JlYXRlIjozNjAwMDAwMDAwMDAwLCJkZWxldGUiOjMwMDAwMDAwMDAwMCwidXBkYXRlIjo2MDAwMDAwMDAwMDB9fQ==",
          "dependencies": [
            "module.vpcs.ncloud_access_control_group.acgs",
            "module.vpcs.ncloud_vpc.vpc"
          ]
        }
      ]
    },
    {
      "module": "module.vpcs[\"vpc-workshop\"]",
      "mode": "managed",
      "type": "ncloud_nat_gateway",
      "name": "nat_gateways",
      "provider": "provider[\"registry.terraform.io/navercloudplatform/ncloud\"]",
      "instances": [
        {
          "index_key": "nat-gw-workshop",
          "schema_version": 0,
          "attributes": {
            "description": "",
            "id": "12859870",
            "name": "nat-gw-workshop",
            "nat_gateway_no": "12859870",
            "public_ip": "175.45.196.154",
            "vpc_no": "27632",
            "zone": "KR-1"
          },
          "sensitive_attributes": [],
          "private": "bnVsbA==",
          "dependencies": [
            "module.vpcs.ncloud_vpc.vpc"
          ]
        }
      ]
    },
    {
      "module": "module.vpcs[\"vpc-workshop\"]",
      "mode": "managed",
      "type": "ncloud_route",
      "name": "nat_gateway_routes",
      "provider": "provider[\"registry.terraform.io/navercloudplatform/ncloud\"]",
      "instances": [
        {
          "index_key": "nat-gw-workshop",
          "schema_version": 0,
          "attributes": {
            "destination_cidr_block": "0.0.0.0/0",
            "id": "route-168352241",
            "is_default": false,
            "route_table_no": "57067",
            "target_name": "nat-gw-workshop",
            "target_no": "12859870",
            "target_type": "NATGW",
            "vpc_no": "27632"
          },
          "sensitive_attributes": [],
          "private": "bnVsbA==",
          "dependencies": [
            "module.vpcs.ncloud_nat_gateway.nat_gateways",
            "module.vpcs.ncloud_network_acl.network_acls",
            "module.vpcs.ncloud_route_table.private_route_tables",
            "module.vpcs.ncloud_route_table.public_route_tables",
            "module.vpcs.ncloud_subnet.loadbalancer_subnets",
            "module.vpcs.ncloud_subnet.private_subnets",
            "module.vpcs.ncloud_subnet.public_subnets",
            "module.vpcs.ncloud_vpc.vpc"
          ]
        }
      ]
    },
    {
      "module": "module.vpcs[\"vpc-workshop\"]",
      "mode": "managed",
      "type": "ncloud_subnet",
      "name": "private_subnets",
      "provider": "provider[\"registry.terraform.io/navercloudplatform/ncloud\"]",
      "instances": [
        {
          "index_key": "sbn-workshop-private",
          "schema_version": 0,
          "attributes": {
            "id": "59271",
            "name": "sbn-workshop-private",
            "network_acl_no": "42625",
            "subnet": "10.10.2.0/24",
            "subnet_no": "59271",
            "subnet_type": "PRIVATE",
            "usage_type": "GEN",
            "vpc_no": "27632",
            "zone": "KR-1"
          },
          "sensitive_attributes": [],
          "private": "bnVsbA==",
          "dependencies": [
            "module.vpcs.ncloud_network_acl.network_acls",
            "module.vpcs.ncloud_vpc.vpc"
          ]
        }
      ]
    },
    {
      "module": "module.vpcs[\"vpc-workshop\"]",
      "mode": "managed",
      "type": "ncloud_subnet",
      "name": "public_subnets",
      "provider": "provider[\"registry.terraform.io/navercloudplatform/ncloud\"]",
      "instances": [
        {
          "index_key": "sbn-workshop-public",
          "schema_version": 0,
          "attributes": {
            "id": "59272",
            "name": "sbn-workshop-public",
            "network_acl_no": "42625",
            "subnet": "10.10.1.0/24",
            "subnet_no": "59272",
            "subnet_type": "PUBLIC",
            "usage_type": "GEN",
            "vpc_no": "27632",
            "zone": "KR-1"
          },
          "sensitive_attributes": [],
          "private": "bnVsbA==",
          "dependencies": [
            "module.vpcs.ncloud_network_acl.network_acls",
            "module.vpcs.ncloud_vpc.vpc"
          ]
        }
      ]
    },
    {
      "module": "module.vpcs[\"vpc-workshop\"]",
      "mode": "managed",
      "type": "ncloud_vpc",
      "name": "vpc",
      "provider": "provider[\"registry.terraform.io/navercloudplatform/ncloud\"]",
      "instances": [
        {
          "schema_version": 0,
          "attributes": {
            "default_access_control_group_no": "70017",
            "default_network_acl_no": "42625",
            "default_private_route_table_no": "57067",
            "default_public_route_table_no": "57066",
            "id": "27632",
            "ipv4_cidr_block": "10.10.0.0/16",
            "name": "vpc-workshop",
            "vpc_no": "27632"
          },
          "sensitive_attributes": [],
          "private": "bnVsbA=="
        }
      ]
    }
  ],
  "check_results": []
}
